
Microsoft Visual Studio Solution File, Format Version 12.00
# Visual Studio Version 17
VisualStudioVersion = 17.6.33815.320
MinimumVisualStudioVersion = 10.0.40219.1
Project("{9A19103F-16F7-4668-BE54-9A1E7A4F7556}") = "MediaPlayer.Core", "MediaPlayer.Core\MediaPlayer.Core.csproj", "{009D70F1-8395-4A58-A24D-FB1C1CD70324}"
EndProject
Project("{9A19103F-16F7-4668-BE54-9A1E7A4F7556}") = "MediaPlayer.WPF", "MediaPlayer.WPF\MediaPlayer.WPF.csproj", "{B5C4D042-D871-413D-A05E-CC53B7E851D0}"
EndProject
Project("{2150E333-8FDC-42A3-9474-1A3956D46DE8}") = "Solution Items", "Solution Items", "{F9F207FA-FCAE-4205-A42A-28156DCEAE72}"
	ProjectSection(SolutionItems) = preProject
		.editorconfig = .editorconfig
	EndProjectSection
EndProject
Global
	GlobalSection(SolutionConfigurationPlatforms) = preSolution
		Debug|Any CPU = Debug|Any CPU
		Release|Any CPU = Release|Any CPU
	EndGlobalSection
	GlobalSection(ProjectConfigurationPlatforms) = postSolution
		{009D70F1-8395-4A58-A24D-FB1C1CD70324}.Debug|Any CPU.ActiveCfg = Debug|Any CPU
		{009D70F1-8395-4A58-A24D-FB1C1CD70324}.Debug|Any CPU.Build.0 = Debug|Any CPU
		{009D70F1-8395-4A58-A24D-FB1C1CD70324}.Release|Any CPU.ActiveCfg = Release|Any CPU
		{009D70F1-8395-4A58-A24D-FB1C1CD70324}.Release|Any CPU.Build.0 = Release|Any CPU
		{B5C4D042-D871-413D-A05E-CC53B7E851D0}.Debug|Any CPU.ActiveCfg = Debug|Any CPU
		{B5C4D042-D871-413D-A05E-CC53B7E851D0}.Debug|Any CPU.Build.0 = Debug|Any CPU
		{B5C4D042-D871-413D-A05E-CC53B7E851D0}.Release|Any CPU.ActiveCfg = Release|Any CPU
		{B5C4D042-D871-413D-A05E-CC53B7E851D0}.Release|Any CPU.Build.0 = Release|Any CPU
	EndGlobalSection
	GlobalSection(SolutionProperties) = preSolution
		HideSolutionNode = FALSE
	EndGlobalSection
	GlobalSection(ExtensibilityGlobals) = postSolution
		SolutionGuid = {551F1BF8-8C57-48F4-84DC-61193EA4EE09}
	EndGlobalSection
EndGlobal
